{
  "R": {
    "Version": "4.1.0",
    "Repositories": [
      {
        "Name": "CRAN",
        "URL": "https://cloud.r-project.org"
      }
    ]
  },
  "Packages": {
    "Kendall": {
      "Package": "Kendall",
      "Version": "2.2",
      "Source": "Repository",
      "Repository": "CRAN",
      "Hash": "33cab08326760148faef1435b22dd7fb"
    },
    "Rcpp": {
      "Package": "Rcpp",
      "Version": "1.0.7",
      "Source": "Repository",
      "Repository": "CRAN",
      "Hash": "dab19adae4440ae55aa8a9d238b246bb"
    },
    "boot": {
      "Package": "boot",
      "Version": "1.3-28",
      "Source": "Repository",
      "Repository": "CRAN",
      "Hash": "0baa960e3b49c6176a4f42addcbacc59"
    },
    "curl": {
      "Package": "curl",
      "Version": "4.3.2",
      "Source": "Repository",
      "Repository": "CRAN",
      "Hash": "022c42d49c28e95d69ca60446dbabf88"
    },
    "gimms": {
      "Package": "gimms",
      "Version": "1.2.0",
      "Source": "Repository",
      "Repository": "CRAN",
      "Hash": "c0534f9e74983a24635c3053882c4274"
    },
    "lattice": {
      "Package": "lattice",
      "Version": "0.20-44",
      "Source": "Repository",
      "Repository": "CRAN",
      "Hash": "f36bf1a849d9106dc2af72e501f9de41"
    },
    "ncdf4": {
      "Package": "ncdf4",
      "Version": "1.17",
      "Source": "Repository",
      "Repository": "CRAN",
      "Hash": "5c1c0231b12b3d54cf619a3e5e36d229"
    },
    "raster": {
      "Package": "raster",
      "Version": "3.4-13",
      "Source": "Repository",
      "Repository": "CRAN",
      "Hash": "4543b272b756a4ff0f80370c886ef90a"
    },
    "renv": {
      "Package": "renv",
      "Version": "0.13.2",
      "Source": "Repository",
      "Repository": "CRAN",
      "Hash": "079cb1f03ff972b30401ed05623cbe92"
    },
    "sp": {
      "Package": "sp",
      "Version": "1.4-5",
      "Source": "Repository",
      "Repository": "CRAN",
      "Hash": "dfd843ee98246cf932823acf613b05dd"
    },
    "testpkg": {
      "Package": "testpkg",
      "Version": "0.1.1",
      "Source": "Local",
      "Hash": "9975b4751308f688924de833a45509df"
    },
    "zyp": {
      "Package": "zyp",
      "Version": "0.10-1.1",
      "Source": "Repository",
      "Repository": "CRAN",
      "Hash": "600af9962139fe7b6dde08884024b8a1"
    }
  }
}
