{
  "R": {
    "Version": "4.0.4",
    "Repositories": [
      {
        "Name": "CRAN",
        "URL": "https://cloud.r-project.org"
      }
    ]
  },
  "Packages": {
    "Kendall": {
      "Package": "Kendall",
      "Version": "2.2",
      "Source": "Repository",
      "Repository": "CRAN",
      "Hash": "33cab08326760148faef1435b22dd7fb"
    },
    "Rcpp": {
      "Package": "Rcpp",
      "Version": "1.0.6",
      "Source": "Repository",
      "Repository": "CRAN",
      "Hash": "dbb5e436998a7eba5a9d682060533338"
    },
    "boot": {
      "Package": "boot",
      "Version": "1.3-27",
      "Source": "Repository",
      "Repository": "CRAN",
      "Hash": "d9778c960792721e8433daaf3db8f16a"
    },
    "curl": {
      "Package": "curl",
      "Version": "4.3",
      "Source": "Repository",
      "Repository": "CRAN",
      "Hash": "2b7d10581cc730804e9ed178c8374bd6"
    },
    "gimms": {
      "Package": "gimms",
      "Version": "1.1.3",
      "Source": "Repository",
      "Repository": "CRAN",
      "Hash": "0c15fb05de553ebe9c086818701b1188"
    },
    "lattice": {
      "Package": "lattice",
      "Version": "0.20-41",
      "Source": "Repository",
      "Repository": "CRAN",
      "Hash": "fbd9285028b0263d76d18c95ae51a53d"
    },
    "ncdf4": {
      "Package": "ncdf4",
      "Version": "1.17",
      "Source": "Repository",
      "Repository": "CRAN",
      "Hash": "5c1c0231b12b3d54cf619a3e5e36d229"
    },
    "raster": {
      "Package": "raster",
      "Version": "3.4-5",
      "Source": "Repository",
      "Repository": "CRAN",
      "Hash": "a3ded548110163cf499d63c3932dd499"
    },
    "renv": {
      "Package": "renv",
      "Version": "0.12.5",
      "Source": "Repository",
      "Repository": "CRAN",
      "Hash": "5c0cdb37f063c58cdab3c7e9fbb8bd2c"
    },
    "sp": {
      "Package": "sp",
      "Version": "1.4-5",
      "Source": "Repository",
      "Repository": "CRAN",
      "Hash": "dfd843ee98246cf932823acf613b05dd"
    },
    "testpkg": {
      "Package": "testpkg",
      "Version": "0.1.0",
      "Source": "Local",
      "Hash": "9850824c5b4428c0cac3eed444c936e6"
    },
    "zyp": {
      "Package": "zyp",
      "Version": "0.10-1.1",
      "Source": "Repository",
      "Repository": "CRAN",
      "Hash": "600af9962139fe7b6dde08884024b8a1"
    }
  }
}
